Microsoft Visual Studio Solution File, Format Version 12.00
# Visual Studio 2012
Project("{F184B08F-C81C-45F6-A57F-5ABD9991F28F}") = "Sample", "Sample\Sample.vbproj", "{C45474F7-CA97-4289-8833-FB5961407D4E}"
EndProject
Global
	GlobalSection(SolutionConfigurationPlatforms) = preSolution
		Debug|Any CPU = Debug|Any CPU
		Release|Any CPU = Release|Any CPU
	EndGlobalSection
	GlobalSection(ProjectConfigurationPlatforms) = postSolution
		{C45474F7-CA97-4289-8833-FB5961407D4E}.Debug|Any CPU.ActiveCfg = Debug|Any CPU
		{C45474F7-CA97-4289-8833-FB5961407D4E}.Debug|Any CPU.Build.0 = Debug|Any CPU
		{C45474F7-CA97-4289-8833-FB5961407D4E}.Release|Any CPU.ActiveCfg = Release|Any CPU
		{C45474F7-CA97-4289-8833-FB5961407D4E}.Release|Any CPU.Build.0 = Release|Any CPU
	EndGlobalSection
	GlobalSection(SolutionProperties) = preSolution
		HideSolutionNode = FALSE
	EndGlobalSection
EndGlobal
